
Microsoft Visual Studio Solution File, Format Version 12.00
# Visual Studio 2012
Project("{8BC9CEB8-8B4A-11D0-8D11-00A0C91BC942}") = "20180911_hello", "20180911_hello\20180911_hello.vcxproj", "{84FCC58A-2EDA-4B9C-A2CD-92FD24FD88B3}"
EndProject
Project("{8BC9CEB8-8B4A-11D0-8D11-00A0C91BC942}") = "20180911_hello2", "20180911_hello2\20180911_hello2.vcxproj", "{2C8593D1-C1F9-4873-B615-C064971E56E1}"
EndProject
Project("{8BC9CEB8-8B4A-11D0-8D11-00A0C91BC942}") = "20181002_banana", "20181002_banana\20181002_banana.vcxproj", "{7EFFBF3B-49EA-425F-9BD5-0D270C2B7A6A}"
EndProject
Project("{8BC9CEB8-8B4A-11D0-8D11-00A0C91BC942}") = "20181002_apple", "20181002_apple\20181002_apple.vcxproj", "{D8D46FD6-700B-4988-BB31-1F73A572FA29}"
EndProject
Project("{8BC9CEB8-8B4A-11D0-8D11-00A0C91BC942}") = "HW1-1", "HW1-1\HW1-1.vcxproj", "{B45CAF7B-8C2C-40F2-9A37-B392A1B11F1E}"
EndProject
Project("{8BC9CEB8-8B4A-11D0-8D11-00A0C91BC942}") = "HW1-2", "HW1-2\HW1-2.vcxproj", "{A23621AB-1FE4-4202-91FF-C6129D2825A8}"
EndProject
Project("{8BC9CEB8-8B4A-11D0-8D11-00A0C91BC942}") = "HW1-3", "HW1-3\HW1-3.vcxproj", "{BFED4F0B-2213-4C3A-B06A-EA536126479A}"
EndProject
Project("{8BC9CEB8-8B4A-11D0-8D11-00A0C91BC942}") = "HW1-4", "HW1-4\HW1-4.vcxproj", "{BB480B3C-8C6F-42FC-8408-ED76CB8B7D67}"
EndProject
Project("{8BC9CEB8-8B4A-11D0-8D11-00A0C91BC942}") = "HW1-5", "HW1-5\HW1-5.vcxproj", "{EA1F1515-5D60-4C18-BE5C-8D17E4ED0726}"
EndProject
Project("{8BC9CEB8-8B4A-11D0-8D11-00A0C91BC942}") = "HW1-6", "HW1-6\HW1-6.vcxproj", "{DF07636C-4117-4420-AA17-835440340C93}"
EndProject
Project("{8BC9CEB8-8B4A-11D0-8D11-00A0C91BC942}") = "20181016_loop", "20181016_loop\20181016_loop.vcxproj", "{E81E8C55-01A9-4AC3-8A3C-B654F1148E0D}"
EndProject
Project("{8BC9CEB8-8B4A-11D0-8D11-00A0C91BC942}") = "HW2-1", "HW2-1\HW2-1.vcxproj", "{54E3B0B1-9839-41B2-9CC7-AE8F7CF8E7F1}"
EndProject
Project("{8BC9CEB8-8B4A-11D0-8D11-00A0C91BC942}") = "HW2-2", "HW2-2\HW2-2.vcxproj", "{FE97F53F-9095-45E1-8AA1-9E30E0BD19A3}"
EndProject
Project("{8BC9CEB8-8B4A-11D0-8D11-00A0C91BC942}") = "HW2-3", "HW2-3\HW2-3.vcxproj", "{5BB5E2DA-BAFE-4BA2-A485-04140E838BC8}"
EndProject
Project("{8BC9CEB8-8B4A-11D0-8D11-00A0C91BC942}") = "HW2-4", "HW2-4\HW2-4.vcxproj", "{A84C69CD-5558-4CA4-94AA-000AF9F05F68}"
EndProject
Project("{8BC9CEB8-8B4A-11D0-8D11-00A0C91BC942}") = "HW2-5", "HW2-5\HW2-5.vcxproj", "{E1F57EA1-F6AD-4312-81B9-6410B01AF739}"
EndProject
Project("{8BC9CEB8-8B4A-11D0-8D11-00A0C91BC942}") = "HW2-6", "HW2-6\HW2-6.vcxproj", "{91C725CB-2722-458C-BA68-A367FA9DC89F}"
EndProject
Project("{8BC9CEB8-8B4A-11D0-8D11-00A0C91BC942}") = "HW2-7", "HW2-7\HW2-7.vcxproj", "{745F989C-6071-4F3E-9A64-470112889872}"
EndProject
Project("{8BC9CEB8-8B4A-11D0-8D11-00A0C91BC942}") = "HW2-8", "HW2-8\HW2-8.vcxproj", "{78FBECE8-4BBF-4632-9DB4-29BCD17CA008}"
EndProject
Project("{8BC9CEB8-8B4A-11D0-8D11-00A0C91BC942}") = "HW2-9", "HW2-9\HW2-9.vcxproj", "{4276A6A7-CBD8-4FD1-B369-B3A7DA3A905D}"
EndProject
Project("{8BC9CEB8-8B4A-11D0-8D11-00A0C91BC942}") = "HW2-10", "HW2-10\HW2-10.vcxproj", "{9073A742-3E9E-420B-AF6E-8A9E033B1621}"
EndProject
Project("{8BC9CEB8-8B4A-11D0-8D11-00A0C91BC942}") = "HW2-11", "HW2-11\HW2-11.vcxproj", "{40C6976D-364F-4175-9410-59F80F98FDE1}"
EndProject
Project("{8BC9CEB8-8B4A-11D0-8D11-00A0C91BC942}") = "HW2-12", "HW2-12\HW2-12.vcxproj", "{3C56959F-28D3-4596-B818-247335520A98}"
EndProject
Project("{8BC9CEB8-8B4A-11D0-8D11-00A0C91BC942}") = "HW2-13", "HW2-13\HW2-13.vcxproj", "{A86F2A38-6D71-4362-8ED1-D290DBCE1A43}"
EndProject
Project("{8BC9CEB8-8B4A-11D0-8D11-00A0C91BC942}") = "HW2-14", "HW2-14\HW2-14.vcxproj", "{0959D0AC-3EE9-4293-AF36-099642449B89}"
EndProject
Project("{8BC9CEB8-8B4A-11D0-8D11-00A0C91BC942}") = "HW2-15", "HW2-15\HW2-15.vcxproj", "{66B4D2D7-96D8-4BBE-8C9C-C91CA9703F5F}"
EndProject
Project("{8BC9CEB8-8B4A-11D0-8D11-00A0C91BC942}") = "HW2-16", "HW2-16\HW2-16.vcxproj", "{C6CF2E63-F431-4F80-9F19-80017F21126E}"
EndProject
Project("{8BC9CEB8-8B4A-11D0-8D11-00A0C91BC942}") = "HW2-17", "HW2-17\HW2-17.vcxproj", "{A57F193F-8C50-4F4F-8AC7-CE08C8B461AE}"
EndProject
Project("{8BC9CEB8-8B4A-11D0-8D11-00A0C91BC942}") = "HW2-18", "HW2-18\HW2-18.vcxproj", "{3347F03A-A69D-4BF5-9E92-9599EC7E522D}"
EndProject
Project("{8BC9CEB8-8B4A-11D0-8D11-00A0C91BC942}") = "HW2-19", "HW2-19\HW2-19.vcxproj", "{0928815A-3A3D-4684-A9FC-B965A502338B}"
EndProject
Project("{8BC9CEB8-8B4A-11D0-8D11-00A0C91BC942}") = "HW2-20", "HW2-20\HW2-20.vcxproj", "{CCFE9CFB-4B59-4641-B15A-A7B1027AAC70}"
EndProject
Project("{8BC9CEB8-8B4A-11D0-8D11-00A0C91BC942}") = "HW2-21", "HW2-21\HW2-21.vcxproj", "{00DFA6EA-A897-4675-B58B-0D94403DEFFA}"
EndProject
Project("{8BC9CEB8-8B4A-11D0-8D11-00A0C91BC942}") = "HW2-22", "HW2-22\HW2-22.vcxproj", "{FF395FC1-8696-4803-954C-E113E24CE7E6}"
EndProject
Project("{8BC9CEB8-8B4A-11D0-8D11-00A0C91BC942}") = "HW2-23", "HW2-23\HW2-23.vcxproj", "{BD2A7B73-8DC4-4FFB-90F4-D18DE887D58E}"
EndProject
Project("{8BC9CEB8-8B4A-11D0-8D11-00A0C91BC942}") = "HW2-24", "HW2-24\HW2-24.vcxproj", "{1A7F2C49-9C7C-4F82-A919-61DF9B40365D}"
EndProject
Project("{8BC9CEB8-8B4A-11D0-8D11-00A0C91BC942}") = "HW2-25", "HW2-25\HW2-25.vcxproj", "{99FA9EC6-51F2-43F6-BA3F-640296BCCCD7}"
EndProject
Project("{8BC9CEB8-8B4A-11D0-8D11-00A0C91BC942}") = "20181023_function", "20181023_function\20181023_function.vcxproj", "{DC241D64-7FD3-4E8D-9C1D-0D1851A77173}"
EndProject
Project("{8BC9CEB8-8B4A-11D0-8D11-00A0C91BC942}") = "20181030_array", "20181030_array\20181030_array.vcxproj", "{4A8C5EFF-507D-41F9-9372-3385CDAA808F}"
EndProject
Project("{8BC9CEB8-8B4A-11D0-8D11-00A0C91BC942}") = "HW3-1", "HW3-1\HW3-1.vcxproj", "{D232DC9F-E382-485F-A6FA-B8DB0566E5AE}"
EndProject
Project("{8BC9CEB8-8B4A-11D0-8D11-00A0C91BC942}") = "HW3-7", "HW3-7\HW3-7.vcxproj", "{E652167E-1564-4470-B102-39F79024F147}"
EndProject
Project("{8BC9CEB8-8B4A-11D0-8D11-00A0C91BC942}") = "20181106_pointer", "20181106_pointer\20181106_pointer.vcxproj", "{D7A80DA9-2413-4077-9759-BE5B5AEAF65C}"
EndProject
Project("{8BC9CEB8-8B4A-11D0-8D11-00A0C91BC942}") = "20181106_4bytePointer", "20181106_4bytePointer\20181106_4bytePointer.vcxproj", "{028E039C-B8E9-41BB-A34E-BF1F9FD9D628}"
EndProject
Project("{8BC9CEB8-8B4A-11D0-8D11-00A0C91BC942}") = "20181106_swap", "20181106_swap\20181106_swap.vcxproj", "{56CC75B5-70C3-47B6-9CCE-3DA42CBB7B22}"
EndProject
Project("{8BC9CEB8-8B4A-11D0-8D11-00A0C91BC942}") = "20181106_pointerArray", "20811106_pointerArray\20811106_pointerArray.vcxproj", "{B2F7E33F-B255-4DF7-A854-22CB352301FF}"
EndProject
Project("{8BC9CEB8-8B4A-11D0-8D11-00A0C91BC942}") = "20181113_newPointerArray", "20181113_newPointerArray\20181113_newPointerArray.vcxproj", "{7867130A-5023-40C2-B007-E7165C3FBE93}"
EndProject
Project("{8BC9CEB8-8B4A-11D0-8D11-00A0C91BC942}") = "20181113_selectionSort", "20181113_selectionSort\20181113_selectionSort.vcxproj", "{7B1136C7-E0E3-4EF1-BBFE-FA098A5ABD99}"
EndProject
Project("{8BC9CEB8-8B4A-11D0-8D11-00A0C91BC942}") = "20181120_insertionSort", "20181120_insertionSort\20181120_insertionSort.vcxproj", "{1771ED7A-7FBB-4711-AFAE-41566209B350}"
EndProject
Project("{8BC9CEB8-8B4A-11D0-8D11-00A0C91BC942}") = "20181120_char", "20181120_char\20181120_char.vcxproj", "{776EBCC3-EAD0-46A2-A37D-4531FC817D1B}"
EndProject
Project("{8BC9CEB8-8B4A-11D0-8D11-00A0C91BC942}") = "20181127_structure", "20181127_structure\20181127_structure.vcxproj", "{5AAEB9D2-8DE9-494A-BBA4-629DE08C8E85}"
EndProject
Global
	GlobalSection(SolutionConfigurationPlatforms) = preSolution
		Debug|Win32 = Debug|Win32
		Release|Win32 = Release|Win32
	EndGlobalSection
	GlobalSection(ProjectConfigurationPlatforms) = postSolution
		{84FCC58A-2EDA-4B9C-A2CD-92FD24FD88B3}.Debug|Win32.ActiveCfg = Debug|Win32
		{84FCC58A-2EDA-4B9C-A2CD-92FD24FD88B3}.Debug|Win32.Build.0 = Debug|Win32
		{84FCC58A-2EDA-4B9C-A2CD-92FD24FD88B3}.Release|Win32.ActiveCfg = Release|Win32
		{84FCC58A-2EDA-4B9C-A2CD-92FD24FD88B3}.Release|Win32.Build.0 = Release|Win32
		{2C8593D1-C1F9-4873-B615-C064971E56E1}.Debug|Win32.ActiveCfg = Debug|Win32
		{2C8593D1-C1F9-4873-B615-C064971E56E1}.Debug|Win32.Build.0 = Debug|Win32
		{2C8593D1-C1F9-4873-B615-C064971E56E1}.Release|Win32.ActiveCfg = Release|Win32
		{2C8593D1-C1F9-4873-B615-C064971E56E1}.Release|Win32.Build.0 = Release|Win32
		{7EFFBF3B-49EA-425F-9BD5-0D270C2B7A6A}.Debug|Win32.ActiveCfg = Debug|Win32
		{7EFFBF3B-49EA-425F-9BD5-0D270C2B7A6A}.Debug|Win32.Build.0 = Debug|Win32
		{7EFFBF3B-49EA-425F-9BD5-0D270C2B7A6A}.Release|Win32.ActiveCfg = Release|Win32
		{7EFFBF3B-49EA-425F-9BD5-0D270C2B7A6A}.Release|Win32.Build.0 = Release|Win32
		{D8D46FD6-700B-4988-BB31-1F73A572FA29}.Debug|Win32.ActiveCfg = Debug|Win32
		{D8D46FD6-700B-4988-BB31-1F73A572FA29}.Debug|Win32.Build.0 = Debug|Win32
		{D8D46FD6-700B-4988-BB31-1F73A572FA29}.Release|Win32.ActiveCfg = Release|Win32
		{D8D46FD6-700B-4988-BB31-1F73A572FA29}.Release|Win32.Build.0 = Release|Win32
		{B45CAF7B-8C2C-40F2-9A37-B392A1B11F1E}.Debug|Win32.ActiveCfg = Debug|Win32
		{B45CAF7B-8C2C-40F2-9A37-B392A1B11F1E}.Debug|Win32.Build.0 = Debug|Win32
		{B45CAF7B-8C2C-40F2-9A37-B392A1B11F1E}.Release|Win32.ActiveCfg = Release|Win32
		{B45CAF7B-8C2C-40F2-9A37-B392A1B11F1E}.Release|Win32.Build.0 = Release|Win32
		{A23621AB-1FE4-4202-91FF-C6129D2825A8}.Debug|Win32.ActiveCfg = Debug|Win32
		{A23621AB-1FE4-4202-91FF-C6129D2825A8}.Debug|Win32.Build.0 = Debug|Win32
		{A23621AB-1FE4-4202-91FF-C6129D2825A8}.Release|Win32.ActiveCfg = Release|Win32
		{A23621AB-1FE4-4202-91FF-C6129D2825A8}.Release|Win32.Build.0 = Release|Win32
		{BFED4F0B-2213-4C3A-B06A-EA536126479A}.Debug|Win32.ActiveCfg = Debug|Win32
		{BFED4F0B-2213-4C3A-B06A-EA536126479A}.Debug|Win32.Build.0 = Debug|Win32
		{BFED4F0B-2213-4C3A-B06A-EA536126479A}.Release|Win32.ActiveCfg = Release|Win32
		{BFED4F0B-2213-4C3A-B06A-EA536126479A}.Release|Win32.Build.0 = Release|Win32
		{BB480B3C-8C6F-42FC-8408-ED76CB8B7D67}.Debug|Win32.ActiveCfg = Debug|Win32
		{BB480B3C-8C6F-42FC-8408-ED76CB8B7D67}.Debug|Win32.Build.0 = Debug|Win32
		{BB480B3C-8C6F-42FC-8408-ED76CB8B7D67}.Release|Win32.ActiveCfg = Release|Win32
		{BB480B3C-8C6F-42FC-8408-ED76CB8B7D67}.Release|Win32.Build.0 = Release|Win32
		{EA1F1515-5D60-4C18-BE5C-8D17E4ED0726}.Debug|Win32.ActiveCfg = Debug|Win32
		{EA1F1515-5D60-4C18-BE5C-8D17E4ED0726}.Debug|Win32.Build.0 = Debug|Win32
		{EA1F1515-5D60-4C18-BE5C-8D17E4ED0726}.Release|Win32.ActiveCfg = Release|Win32
		{EA1F1515-5D60-4C18-BE5C-8D17E4ED0726}.Release|Win32.Build.0 = Release|Win32
		{DF07636C-4117-4420-AA17-835440340C93}.Debug|Win32.ActiveCfg = Debug|Win32
		{DF07636C-4117-4420-AA17-835440340C93}.Debug|Win32.Build.0 = Debug|Win32
		{DF07636C-4117-4420-AA17-835440340C93}.Release|Win32.ActiveCfg = Release|Win32
		{DF07636C-4117-4420-AA17-835440340C93}.Release|Win32.Build.0 = Release|Win32
		{E81E8C55-01A9-4AC3-8A3C-B654F1148E0D}.Debug|Win32.ActiveCfg = Debug|Win32
		{E81E8C55-01A9-4AC3-8A3C-B654F1148E0D}.Debug|Win32.Build.0 = Debug|Win32
		{E81E8C55-01A9-4AC3-8A3C-B654F1148E0D}.Release|Win32.ActiveCfg = Release|Win32
		{E81E8C55-01A9-4AC3-8A3C-B654F1148E0D}.Release|Win32.Build.0 = Release|Win32
		{54E3B0B1-9839-41B2-9CC7-AE8F7CF8E7F1}.Debug|Win32.ActiveCfg = Debug|Win32
		{54E3B0B1-9839-41B2-9CC7-AE8F7CF8E7F1}.Debug|Win32.Build.0 = Debug|Win32
		{54E3B0B1-9839-41B2-9CC7-AE8F7CF8E7F1}.Release|Win32.ActiveCfg = Release|Win32
		{54E3B0B1-9839-41B2-9CC7-AE8F7CF8E7F1}.Release|Win32.Build.0 = Release|Win32
		{FE97F53F-9095-45E1-8AA1-9E30E0BD19A3}.Debug|Win32.ActiveCfg = Debug|Win32
		{FE97F53F-9095-45E1-8AA1-9E30E0BD19A3}.Debug|Win32.Build.0 = Debug|Win32
		{FE97F53F-9095-45E1-8AA1-9E30E0BD19A3}.Release|Win32.ActiveCfg = Release|Win32
		{FE97F53F-9095-45E1-8AA1-9E30E0BD19A3}.Release|Win32.Build.0 = Release|Win32
		{5BB5E2DA-BAFE-4BA2-A485-04140E838BC8}.Debug|Win32.ActiveCfg = Debug|Win32
		{5BB5E2DA-BAFE-4BA2-A485-04140E838BC8}.Debug|Win32.Build.0 = Debug|Win32
		{5BB5E2DA-BAFE-4BA2-A485-04140E838BC8}.Release|Win32.ActiveCfg = Release|Win32
		{5BB5E2DA-BAFE-4BA2-A485-04140E838BC8}.Release|Win32.Build.0 = Release|Win32
		{A84C69CD-5558-4CA4-94AA-000AF9F05F68}.Debug|Win32.ActiveCfg = Debug|Win32
		{A84C69CD-5558-4CA4-94AA-000AF9F05F68}.Debug|Win32.Build.0 = Debug|Win32
		{A84C69CD-5558-4CA4-94AA-000AF9F05F68}.Release|Win32.ActiveCfg = Release|Win32
		{A84C69CD-5558-4CA4-94AA-000AF9F05F68}.Release|Win32.Build.0 = Release|Win32
		{E1F57EA1-F6AD-4312-81B9-6410B01AF739}.Debug|Win32.ActiveCfg = Debug|Win32
		{E1F57EA1-F6AD-4312-81B9-6410B01AF739}.Debug|Win32.Build.0 = Debug|Win32
		{E1F57EA1-F6AD-4312-81B9-6410B01AF739}.Release|Win32.ActiveCfg = Release|Win32
		{E1F57EA1-F6AD-4312-81B9-6410B01AF739}.Release|Win32.Build.0 = Release|Win32
		{91C725CB-2722-458C-BA68-A367FA9DC89F}.Debug|Win32.ActiveCfg = Debug|Win32
		{91C725CB-2722-458C-BA68-A367FA9DC89F}.Debug|Win32.Build.0 = Debug|Win32
		{91C725CB-2722-458C-BA68-A367FA9DC89F}.Release|Win32.ActiveCfg = Release|Win32
		{91C725CB-2722-458C-BA68-A367FA9DC89F}.Release|Win32.Build.0 = Release|Win32
		{745F989C-6071-4F3E-9A64-470112889872}.Debug|Win32.ActiveCfg = Debug|Win32
		{745F989C-6071-4F3E-9A64-470112889872}.Debug|Win32.Build.0 = Debug|Win32
		{745F989C-6071-4F3E-9A64-470112889872}.Release|Win32.ActiveCfg = Release|Win32
		{745F989C-6071-4F3E-9A64-470112889872}.Release|Win32.Build.0 = Release|Win32
		{78FBECE8-4BBF-4632-9DB4-29BCD17CA008}.Debug|Win32.ActiveCfg = Debug|Win32
		{78FBECE8-4BBF-4632-9DB4-29BCD17CA008}.Debug|Win32.Build.0 = Debug|Win32
		{78FBECE8-4BBF-4632-9DB4-29BCD17CA008}.Release|Win32.ActiveCfg = Release|Win32
		{78FBECE8-4BBF-4632-9DB4-29BCD17CA008}.Release|Win32.Build.0 = Release|Win32
		{4276A6A7-CBD8-4FD1-B369-B3A7DA3A905D}.Debug|Win32.ActiveCfg = Debug|Win32
		{4276A6A7-CBD8-4FD1-B369-B3A7DA3A905D}.Debug|Win32.Build.0 = Debug|Win32
		{4276A6A7-CBD8-4FD1-B369-B3A7DA3A905D}.Release|Win32.ActiveCfg = Release|Win32
		{4276A6A7-CBD8-4FD1-B369-B3A7DA3A905D}.Release|Win32.Build.0 = Release|Win32
		{9073A742-3E9E-420B-AF6E-8A9E033B1621}.Debug|Win32.ActiveCfg = Debug|Win32
		{9073A742-3E9E-420B-AF6E-8A9E033B1621}.Debug|Win32.Build.0 = Debug|Win32
		{9073A742-3E9E-420B-AF6E-8A9E033B1621}.Release|Win32.ActiveCfg = Release|Win32
		{9073A742-3E9E-420B-AF6E-8A9E033B1621}.Release|Win32.Build.0 = Release|Win32
		{40C6976D-364F-4175-9410-59F80F98FDE1}.Debug|Win32.ActiveCfg = Debug|Win32
		{40C6976D-364F-4175-9410-59F80F98FDE1}.Debug|Win32.Build.0 = Debug|Win32
		{40C6976D-364F-4175-9410-59F80F98FDE1}.Release|Win32.ActiveCfg = Release|Win32
		{40C6976D-364F-4175-9410-59F80F98FDE1}.Release|Win32.Build.0 = Release|Win32
		{3C56959F-28D3-4596-B818-247335520A98}.Debug|Win32.ActiveCfg = Debug|Win32
		{3C56959F-28D3-4596-B818-247335520A98}.Debug|Win32.Build.0 = Debug|Win32
		{3C56959F-28D3-4596-B818-247335520A98}.Release|Win32.ActiveCfg = Release|Win32
		{3C56959F-28D3-4596-B818-247335520A98}.Release|Win32.Build.0 = Release|Win32
		{A86F2A38-6D71-4362-8ED1-D290DBCE1A43}.Debug|Win32.ActiveCfg = Debug|Win32
		{A86F2A38-6D71-4362-8ED1-D290DBCE1A43}.Debug|Win32.Build.0 = Debug|Win32
		{A86F2A38-6D71-4362-8ED1-D290DBCE1A43}.Release|Win32.ActiveCfg = Release|Win32
		{A86F2A38-6D71-4362-8ED1-D290DBCE1A43}.Release|Win32.Build.0 = Release|Win32
		{0959D0AC-3EE9-4293-AF36-099642449B89}.Debug|Win32.ActiveCfg = Debug|Win32
		{0959D0AC-3EE9-4293-AF36-099642449B89}.Debug|Win32.Build.0 = Debug|Win32
		{0959D0AC-3EE9-4293-AF36-099642449B89}.Release|Win32.ActiveCfg = Release|Win32
		{0959D0AC-3EE9-4293-AF36-099642449B89}.Release|Win32.Build.0 = Release|Win32
		{66B4D2D7-96D8-4BBE-8C9C-C91CA9703F5F}.Debug|Win32.ActiveCfg = Debug|Win32
		{66B4D2D7-96D8-4BBE-8C9C-C91CA9703F5F}.Debug|Win32.Build.0 = Debug|Win32
		{66B4D2D7-96D8-4BBE-8C9C-C91CA9703F5F}.Release|Win32.ActiveCfg = Release|Win32
		{66B4D2D7-96D8-4BBE-8C9C-C91CA9703F5F}.Release|Win32.Build.0 = Release|Win32
		{C6CF2E63-F431-4F80-9F19-80017F21126E}.Debug|Win32.ActiveCfg = Debug|Win32
		{C6CF2E63-F431-4F80-9F19-80017F21126E}.Debug|Win32.Build.0 = Debug|Win32
		{C6CF2E63-F431-4F80-9F19-80017F21126E}.Release|Win32.ActiveCfg = Release|Win32
		{C6CF2E63-F431-4F80-9F19-80017F21126E}.Release|Win32.Build.0 = Release|Win32
		{A57F193F-8C50-4F4F-8AC7-CE08C8B461AE}.Debug|Win32.ActiveCfg = Debug|Win32
		{A57F193F-8C50-4F4F-8AC7-CE08C8B461AE}.Debug|Win32.Build.0 = Debug|Win32
		{A57F193F-8C50-4F4F-8AC7-CE08C8B461AE}.Release|Win32.ActiveCfg = Release|Win32
		{A57F193F-8C50-4F4F-8AC7-CE08C8B461AE}.Release|Win32.Build.0 = Release|Win32
		{3347F03A-A69D-4BF5-9E92-9599EC7E522D}.Debug|Win32.ActiveCfg = Debug|Win32
		{3347F03A-A69D-4BF5-9E92-9599EC7E522D}.Debug|Win32.Build.0 = Debug|Win32
		{3347F03A-A69D-4BF5-9E92-9599EC7E522D}.Release|Win32.ActiveCfg = Release|Win32
		{3347F03A-A69D-4BF5-9E92-9599EC7E522D}.Release|Win32.Build.0 = Release|Win32
		{0928815A-3A3D-4684-A9FC-B965A502338B}.Debug|Win32.ActiveCfg = Debug|Win32
		{0928815A-3A3D-4684-A9FC-B965A502338B}.Debug|Win32.Build.0 = Debug|Win32
		{0928815A-3A3D-4684-A9FC-B965A502338B}.Release|Win32.ActiveCfg = Release|Win32
		{0928815A-3A3D-4684-A9FC-B965A502338B}.Release|Win32.Build.0 = Release|Win32
		{CCFE9CFB-4B59-4641-B15A-A7B1027AAC70}.Debug|Win32.ActiveCfg = Debug|Win32
		{CCFE9CFB-4B59-4641-B15A-A7B1027AAC70}.Debug|Win32.Build.0 = Debug|Win32
		{CCFE9CFB-4B59-4641-B15A-A7B1027AAC70}.Release|Win32.ActiveCfg = Release|Win32
		{CCFE9CFB-4B59-4641-B15A-A7B1027AAC70}.Release|Win32.Build.0 = Release|Win32
		{00DFA6EA-A897-4675-B58B-0D94403DEFFA}.Debug|Win32.ActiveCfg = Debug|Win32
		{00DFA6EA-A897-4675-B58B-0D94403DEFFA}.Debug|Win32.Build.0 = Debug|Win32
		{00DFA6EA-A897-4675-B58B-0D94403DEFFA}.Release|Win32.ActiveCfg = Release|Win32
		{00DFA6EA-A897-4675-B58B-0D94403DEFFA}.Release|Win32.Build.0 = Release|Win32
		{FF395FC1-8696-4803-954C-E113E24CE7E6}.Debug|Win32.ActiveCfg = Debug|Win32
		{FF395FC1-8696-4803-954C-E113E24CE7E6}.Debug|Win32.Build.0 = Debug|Win32
		{FF395FC1-8696-4803-954C-E113E24CE7E6}.Release|Win32.ActiveCfg = Release|Win32
		{FF395FC1-8696-4803-954C-E113E24CE7E6}.Release|Win32.Build.0 = Release|Win32
		{BD2A7B73-8DC4-4FFB-90F4-D18DE887D58E}.Debug|Win32.ActiveCfg = Debug|Win32
		{BD2A7B73-8DC4-4FFB-90F4-D18DE887D58E}.Debug|Win32.Build.0 = Debug|Win32
		{BD2A7B73-8DC4-4FFB-90F4-D18DE887D58E}.Release|Win32.ActiveCfg = Release|Win32
		{BD2A7B73-8DC4-4FFB-90F4-D18DE887D58E}.Release|Win32.Build.0 = Release|Win32
		{1A7F2C49-9C7C-4F82-A919-61DF9B40365D}.Debug|Win32.ActiveCfg = Debug|Win32
		{1A7F2C49-9C7C-4F82-A919-61DF9B40365D}.Debug|Win32.Build.0 = Debug|Win32
		{1A7F2C49-9C7C-4F82-A919-61DF9B40365D}.Release|Win32.ActiveCfg = Release|Win32
		{1A7F2C49-9C7C-4F82-A919-61DF9B40365D}.Release|Win32.Build.0 = Release|Win32
		{99FA9EC6-51F2-43F6-BA3F-640296BCCCD7}.Debug|Win32.ActiveCfg = Debug|Win32
		{99FA9EC6-51F2-43F6-BA3F-640296BCCCD7}.Debug|Win32.Build.0 = Debug|Win32
		{99FA9EC6-51F2-43F6-BA3F-640296BCCCD7}.Release|Win32.ActiveCfg = Release|Win32
		{99FA9EC6-51F2-43F6-BA3F-640296BCCCD7}.Release|Win32.Build.0 = Release|Win32
		{DC241D64-7FD3-4E8D-9C1D-0D1851A77173}.Debug|Win32.ActiveCfg = Debug|Win32
		{DC241D64-7FD3-4E8D-9C1D-0D1851A77173}.Debug|Win32.Build.0 = Debug|Win32
		{DC241D64-7FD3-4E8D-9C1D-0D1851A77173}.Release|Win32.ActiveCfg = Release|Win32
		{DC241D64-7FD3-4E8D-9C1D-0D1851A77173}.Release|Win32.Build.0 = Release|Win32
		{4A8C5EFF-507D-41F9-9372-3385CDAA808F}.Debug|Win32.ActiveCfg = Debug|Win32
		{4A8C5EFF-507D-41F9-9372-3385CDAA808F}.Debug|Win32.Build.0 = Debug|Win32
		{4A8C5EFF-507D-41F9-9372-3385CDAA808F}.Release|Win32.ActiveCfg = Release|Win32
		{4A8C5EFF-507D-41F9-9372-3385CDAA808F}.Release|Win32.Build.0 = Release|Win32
		{D232DC9F-E382-485F-A6FA-B8DB0566E5AE}.Debug|Win32.ActiveCfg = Debug|Win32
		{D232DC9F-E382-485F-A6FA-B8DB0566E5AE}.Debug|Win32.Build.0 = Debug|Win32
		{D232DC9F-E382-485F-A6FA-B8DB0566E5AE}.Release|Win32.ActiveCfg = Release|Win32
		{D232DC9F-E382-485F-A6FA-B8DB0566E5AE}.Release|Win32.Build.0 = Release|Win32
		{E652167E-1564-4470-B102-39F79024F147}.Debug|Win32.ActiveCfg = Debug|Win32
		{E652167E-1564-4470-B102-39F79024F147}.Debug|Win32.Build.0 = Debug|Win32
		{E652167E-1564-4470-B102-39F79024F147}.Release|Win32.ActiveCfg = Release|Win32
		{E652167E-1564-4470-B102-39F79024F147}.Release|Win32.Build.0 = Release|Win32
		{D7A80DA9-2413-4077-9759-BE5B5AEAF65C}.Debug|Win32.ActiveCfg = Debug|Win32
		{D7A80DA9-2413-4077-9759-BE5B5AEAF65C}.Debug|Win32.Build.0 = Debug|Win32
		{D7A80DA9-2413-4077-9759-BE5B5AEAF65C}.Release|Win32.ActiveCfg = Release|Win32
		{D7A80DA9-2413-4077-9759-BE5B5AEAF65C}.Release|Win32.Build.0 = Release|Win32
		{028E039C-B8E9-41BB-A34E-BF1F9FD9D628}.Debug|Win32.ActiveCfg = Debug|Win32
		{028E039C-B8E9-41BB-A34E-BF1F9FD9D628}.Debug|Win32.Build.0 = Debug|Win32
		{028E039C-B8E9-41BB-A34E-BF1F9FD9D628}.Release|Win32.ActiveCfg = Release|Win32
		{028E039C-B8E9-41BB-A34E-BF1F9FD9D628}.Release|Win32.Build.0 = Release|Win32
		{56CC75B5-70C3-47B6-9CCE-3DA42CBB7B22}.Debug|Win32.ActiveCfg = Debug|Win32
		{56CC75B5-70C3-47B6-9CCE-3DA42CBB7B22}.Debug|Win32.Build.0 = Debug|Win32
		{56CC75B5-70C3-47B6-9CCE-3DA42CBB7B22}.Release|Win32.ActiveCfg = Release|Win32
		{56CC75B5-70C3-47B6-9CCE-3DA42CBB7B22}.Release|Win32.Build.0 = Release|Win32
		{B2F7E33F-B255-4DF7-A854-22CB352301FF}.Debug|Win32.ActiveCfg = Debug|Win32
		{B2F7E33F-B255-4DF7-A854-22CB352301FF}.Debug|Win32.Build.0 = Debug|Win32
		{B2F7E33F-B255-4DF7-A854-22CB352301FF}.Release|Win32.ActiveCfg = Release|Win32
		{B2F7E33F-B255-4DF7-A854-22CB352301FF}.Release|Win32.Build.0 = Release|Win32
		{7867130A-5023-40C2-B007-E7165C3FBE93}.Debug|Win32.ActiveCfg = Debug|Win32
		{7867130A-5023-40C2-B007-E7165C3FBE93}.Debug|Win32.Build.0 = Debug|Win32
		{7867130A-5023-40C2-B007-E7165C3FBE93}.Release|Win32.ActiveCfg = Release|Win32
		{7867130A-5023-40C2-B007-E7165C3FBE93}.Release|Win32.Build.0 = Release|Win32
		{7B1136C7-E0E3-4EF1-BBFE-FA098A5ABD99}.Debug|Win32.ActiveCfg = Debug|Win32
		{7B1136C7-E0E3-4EF1-BBFE-FA098A5ABD99}.Debug|Win32.Build.0 = Debug|Win32
		{7B1136C7-E0E3-4EF1-BBFE-FA098A5ABD99}.Release|Win32.ActiveCfg = Release|Win32
		{7B1136C7-E0E3-4EF1-BBFE-FA098A5ABD99}.Release|Win32.Build.0 = Release|Win32
		{1771ED7A-7FBB-4711-AFAE-41566209B350}.Debug|Win32.ActiveCfg = Debug|Win32
		{1771ED7A-7FBB-4711-AFAE-41566209B350}.Debug|Win32.Build.0 = Debug|Win32
		{1771ED7A-7FBB-4711-AFAE-41566209B350}.Release|Win32.ActiveCfg = Release|Win32
		{1771ED7A-7FBB-4711-AFAE-41566209B350}.Release|Win32.Build.0 = Release|Win32
		{776EBCC3-EAD0-46A2-A37D-4531FC817D1B}.Debug|Win32.ActiveCfg = Debug|Win32
		{776EBCC3-EAD0-46A2-A37D-4531FC817D1B}.Debug|Win32.Build.0 = Debug|Win32
		{776EBCC3-EAD0-46A2-A37D-4531FC817D1B}.Release|Win32.ActiveCfg = Release|Win32
		{776EBCC3-EAD0-46A2-A37D-4531FC817D1B}.Release|Win32.Build.0 = Release|Win32
		{5AAEB9D2-8DE9-494A-BBA4-629DE08C8E85}.Debug|Win32.ActiveCfg = Debug|Win32
		{5AAEB9D2-8DE9-494A-BBA4-629DE08C8E85}.Debug|Win32.Build.0 = Debug|Win32
		{5AAEB9D2-8DE9-494A-BBA4-629DE08C8E85}.Release|Win32.ActiveCfg = Release|Win32
		{5AAEB9D2-8DE9-494A-BBA4-629DE08C8E85}.Release|Win32.Build.0 = Release|Win32
	EndGlobalSection
	GlobalSection(SolutionProperties) = preSolution
		HideSolutionNode = FALSE
	EndGlobalSection
EndGlobal
