
Microsoft Visual Studio Solution File, Format Version 12.00
# Visual Studio 2012
Project("{8BC9CEB8-8B4A-11D0-8D11-00A0C91BC942}") = "20180911_hello", "20180911_hello\20180911_hello.vcxproj", "{84FCC58A-2EDA-4B9C-A2CD-92FD24FD88B3}"
EndProject
Project("{8BC9CEB8-8B4A-11D0-8D11-00A0C91BC942}") = "20180911_hello2", "20180911_hello2\20180911_hello2.vcxproj", "{2C8593D1-C1F9-4873-B615-C064971E56E1}"
EndProject
Project("{8BC9CEB8-8B4A-11D0-8D11-00A0C91BC942}") = "20181002_banana", "20181002_banana\20181002_banana.vcxproj", "{7EFFBF3B-49EA-425F-9BD5-0D270C2B7A6A}"
EndProject
Project("{8BC9CEB8-8B4A-11D0-8D11-00A0C91BC942}") = "20181002_apple", "20181002_apple\20181002_apple.vcxproj", "{D8D46FD6-700B-4988-BB31-1F73A572FA29}"
EndProject
Project("{8BC9CEB8-8B4A-11D0-8D11-00A0C91BC942}") = "HW1-1", "HW1-1\HW1-1.vcxproj", "{B45CAF7B-8C2C-40F2-9A37-B392A1B11F1E}"
EndProject
Project("{8BC9CEB8-8B4A-11D0-8D11-00A0C91BC942}") = "HW1-2", "HW1-2\HW1-2.vcxproj", "{A23621AB-1FE4-4202-91FF-C6129D2825A8}"
EndProject
Project("{8BC9CEB8-8B4A-11D0-8D11-00A0C91BC942}") = "HW1-3", "HW1-3\HW1-3.vcxproj", "{BFED4F0B-2213-4C3A-B06A-EA536126479A}"
EndProject
Project("{8BC9CEB8-8B4A-11D0-8D11-00A0C91BC942}") = "HW1-4", "HW1-4\HW1-4.vcxproj", "{BB480B3C-8C6F-42FC-8408-ED76CB8B7D67}"
EndProject
Project("{8BC9CEB8-8B4A-11D0-8D11-00A0C91BC942}") = "HW1-5", "HW1-5\HW1-5.vcxproj", "{EA1F1515-5D60-4C18-BE5C-8D17E4ED0726}"
EndProject
Project("{8BC9CEB8-8B4A-11D0-8D11-00A0C91BC942}") = "HW1-6", "HW1-6\HW1-6.vcxproj", "{DF07636C-4117-4420-AA17-835440340C93}"
EndProject
Global
	GlobalSection(SolutionConfigurationPlatforms) = preSolution
		Debug|Win32 = Debug|Win32
		Release|Win32 = Release|Win32
	EndGlobalSection
	GlobalSection(ProjectConfigurationPlatforms) = postSolution
		{84FCC58A-2EDA-4B9C-A2CD-92FD24FD88B3}.Debug|Win32.ActiveCfg = Debug|Win32
		{84FCC58A-2EDA-4B9C-A2CD-92FD24FD88B3}.Debug|Win32.Build.0 = Debug|Win32
		{84FCC58A-2EDA-4B9C-A2CD-92FD24FD88B3}.Release|Win32.ActiveCfg = Release|Win32
		{84FCC58A-2EDA-4B9C-A2CD-92FD24FD88B3}.Release|Win32.Build.0 = Release|Win32
		{2C8593D1-C1F9-4873-B615-C064971E56E1}.Debug|Win32.ActiveCfg = Debug|Win32
		{2C8593D1-C1F9-4873-B615-C064971E56E1}.Debug|Win32.Build.0 = Debug|Win32
		{2C8593D1-C1F9-4873-B615-C064971E56E1}.Release|Win32.ActiveCfg = Release|Win32
		{2C8593D1-C1F9-4873-B615-C064971E56E1}.Release|Win32.Build.0 = Release|Win32
		{7EFFBF3B-49EA-425F-9BD5-0D270C2B7A6A}.Debug|Win32.ActiveCfg = Debug|Win32
		{7EFFBF3B-49EA-425F-9BD5-0D270C2B7A6A}.Debug|Win32.Build.0 = Debug|Win32
		{7EFFBF3B-49EA-425F-9BD5-0D270C2B7A6A}.Release|Win32.ActiveCfg = Release|Win32
		{7EFFBF3B-49EA-425F-9BD5-0D270C2B7A6A}.Release|Win32.Build.0 = Release|Win32
		{D8D46FD6-700B-4988-BB31-1F73A572FA29}.Debug|Win32.ActiveCfg = Debug|Win32
		{D8D46FD6-700B-4988-BB31-1F73A572FA29}.Debug|Win32.Build.0 = Debug|Win32
		{D8D46FD6-700B-4988-BB31-1F73A572FA29}.Release|Win32.ActiveCfg = Release|Win32
		{D8D46FD6-700B-4988-BB31-1F73A572FA29}.Release|Win32.Build.0 = Release|Win32
		{B45CAF7B-8C2C-40F2-9A37-B392A1B11F1E}.Debug|Win32.ActiveCfg = Debug|Win32
		{B45CAF7B-8C2C-40F2-9A37-B392A1B11F1E}.Debug|Win32.Build.0 = Debug|Win32
		{B45CAF7B-8C2C-40F2-9A37-B392A1B11F1E}.Release|Win32.ActiveCfg = Release|Win32
		{B45CAF7B-8C2C-40F2-9A37-B392A1B11F1E}.Release|Win32.Build.0 = Release|Win32
		{A23621AB-1FE4-4202-91FF-C6129D2825A8}.Debug|Win32.ActiveCfg = Debug|Win32
		{A23621AB-1FE4-4202-91FF-C6129D2825A8}.Debug|Win32.Build.0 = Debug|Win32
		{A23621AB-1FE4-4202-91FF-C6129D2825A8}.Release|Win32.ActiveCfg = Release|Win32
		{A23621AB-1FE4-4202-91FF-C6129D2825A8}.Release|Win32.Build.0 = Release|Win32
		{BFED4F0B-2213-4C3A-B06A-EA536126479A}.Debug|Win32.ActiveCfg = Debug|Win32
		{BFED4F0B-2213-4C3A-B06A-EA536126479A}.Debug|Win32.Build.0 = Debug|Win32
		{BFED4F0B-2213-4C3A-B06A-EA536126479A}.Release|Win32.ActiveCfg = Release|Win32
		{BFED4F0B-2213-4C3A-B06A-EA536126479A}.Release|Win32.Build.0 = Release|Win32
		{BB480B3C-8C6F-42FC-8408-ED76CB8B7D67}.Debug|Win32.ActiveCfg = Debug|Win32
		{BB480B3C-8C6F-42FC-8408-ED76CB8B7D67}.Debug|Win32.Build.0 = Debug|Win32
		{BB480B3C-8C6F-42FC-8408-ED76CB8B7D67}.Release|Win32.ActiveCfg = Release|Win32
		{BB480B3C-8C6F-42FC-8408-ED76CB8B7D67}.Release|Win32.Build.0 = Release|Win32
		{EA1F1515-5D60-4C18-BE5C-8D17E4ED0726}.Debug|Win32.ActiveCfg = Debug|Win32
		{EA1F1515-5D60-4C18-BE5C-8D17E4ED0726}.Debug|Win32.Build.0 = Debug|Win32
		{EA1F1515-5D60-4C18-BE5C-8D17E4ED0726}.Release|Win32.ActiveCfg = Release|Win32
		{EA1F1515-5D60-4C18-BE5C-8D17E4ED0726}.Release|Win32.Build.0 = Release|Win32
		{DF07636C-4117-4420-AA17-835440340C93}.Debug|Win32.ActiveCfg = Debug|Win32
		{DF07636C-4117-4420-AA17-835440340C93}.Debug|Win32.Build.0 = Debug|Win32
		{DF07636C-4117-4420-AA17-835440340C93}.Release|Win32.ActiveCfg = Release|Win32
		{DF07636C-4117-4420-AA17-835440340C93}.Release|Win32.Build.0 = Release|Win32
	EndGlobalSection
	GlobalSection(SolutionProperties) = preSolution
		HideSolutionNode = FALSE
	EndGlobalSection
EndGlobal
